
Microsoft Visual Studio Solution File, Format Version 12.00
Project("{FAE04EC0-301F-11D3-BF4B-00C04F79EFBC}") = "MD.RPM.Frontend.Windows", "MD.RPM.Frontend.Windows\MD.RPM.Frontend.Windows.csproj", "{63C5AB03-6C74-4EC1-BEE4-EBEC803572A3}"
EndProject
Project("{FAE04EC0-301F-11D3-BF4B-00C04F79EFBC}") = "MD.Common", "MD.Common\MD.Common.csproj", "{988033E8-79BB-4E69-8D2F-9631B4EA731D}"
EndProject
Global
	GlobalSection(SolutionConfigurationPlatforms) = preSolution
		Debug|Any CPU = Debug|Any CPU
		Release|Any CPU = Release|Any CPU
	EndGlobalSection
	GlobalSection(ProjectConfigurationPlatforms) = postSolution
		{63C5AB03-6C74-4EC1-BEE4-EBEC803572A3}.Debug|Any CPU.ActiveCfg = Debug|Any CPU
		{63C5AB03-6C74-4EC1-BEE4-EBEC803572A3}.Debug|Any CPU.Build.0 = Debug|Any CPU
		{63C5AB03-6C74-4EC1-BEE4-EBEC803572A3}.Release|Any CPU.ActiveCfg = Release|Any CPU
		{63C5AB03-6C74-4EC1-BEE4-EBEC803572A3}.Release|Any CPU.Build.0 = Release|Any CPU
		{988033E8-79BB-4E69-8D2F-9631B4EA731D}.Debug|Any CPU.ActiveCfg = Debug|Any CPU
		{988033E8-79BB-4E69-8D2F-9631B4EA731D}.Debug|Any CPU.Build.0 = Debug|Any CPU
		{988033E8-79BB-4E69-8D2F-9631B4EA731D}.Release|Any CPU.ActiveCfg = Release|Any CPU
		{988033E8-79BB-4E69-8D2F-9631B4EA731D}.Release|Any CPU.Build.0 = Release|Any CPU
	EndGlobalSection
EndGlobal
